// !$*UTF8*$!
{
	archiveVersion = 1;
	classes = {
	};
	objectVersion = 50;
	objects = {

/* Begin PBXBuildFile section */
		9025AC9D32A4A28727F7EA90 /* libPods-MyFramework.a in Frameworks */ = {isa = PBXBuildFile; fileRef = 3C3BDDCF1609677CAF4B19F2 /* libPods-MyFramework.a */; };
		A74A6197231F830E006B8E7A /* YandexPayment.m in Sources */ = {isa = PBXBuildFile; fileRef = A74A6196231F830E006B8E7A /* YandexPayment.m */; };
		A74A6199231F862F006B8E7A /* Shop.swift in Sources */ = {isa = PBXBuildFile; fileRef = A74A6198231F862F006B8E7A /* Shop.swift */; };
		A74A619B231F874A006B8E7A /* Payment.swift in Sources */ = {isa = PBXBuildFile; fileRef = A74A619A231F874A006B8E7A /* Payment.swift */; };
		A7C11B18231DFFE20012D01B /* TrustDefender.framework in Frameworks */ = {isa = PBXBuildFile; fileRef = A7C11B17231DFFE20012D01B /* TrustDefender.framework */; };
		A7C11B1C231E01D50012D01B /* YandexPayment.swift in Sources */ = {isa = PBXBuildFile; fileRef = A7C11B1B231E01D50012D01B /* YandexPayment.swift */; };
		A7C11B26231E16740012D01B /* MyFramework-Bridging-Header.h in Headers */ = {isa = PBXBuildFile; fileRef = A7C11B25231E16740012D01B /* MyFramework-Bridging-Header.h */; };
/* End PBXBuildFile section */

/* Begin PBXFileReference section */
		024AF0693DA1CD569991D85E /* Pods-MyFramework.release.xcconfig */ = {isa = PBXFileReference; includeInIndex = 1; lastKnownFileType = text.xcconfig; name = "Pods-MyFramework.release.xcconfig"; path = "Target Support Files/Pods-MyFramework/Pods-MyFramework.release.xcconfig"; sourceTree = "<group>"; };
		3C3BDDCF1609677CAF4B19F2 /* libPods-MyFramework.a */ = {isa = PBXFileReference; explicitFileType = archive.ar; includeInIndex = 0; path = "libPods-MyFramework.a"; sourceTree = BUILT_PRODUCTS_DIR; };
		86FB738E5CA6438CE339A7B7 /* Pods-MyFramework.debug.xcconfig */ = {isa = PBXFileReference; includeInIndex = 1; lastKnownFileType = text.xcconfig; name = "Pods-MyFramework.debug.xcconfig"; path = "Target Support Files/Pods-MyFramework/Pods-MyFramework.debug.xcconfig"; sourceTree = "<group>"; };
		A732E500231D0EDA00D6E774 /* MyFramework.framework */ = {isa = PBXFileReference; explicitFileType = wrapper.framework; includeInIndex = 0; path = MyFramework.framework; sourceTree = BUILT_PRODUCTS_DIR; };
		A732E504231D0EDA00D6E774 /* Info.plist */ = {isa = PBXFileReference; lastKnownFileType = text.plist.xml; path = Info.plist; sourceTree = "<group>"; };
		A74A6196231F830E006B8E7A /* YandexPayment.m */ = {isa = PBXFileReference; lastKnownFileType = sourcecode.c.objc; path = YandexPayment.m; sourceTree = "<group>"; };
		A74A6198231F862F006B8E7A /* Shop.swift */ = {isa = PBXFileReference; lastKnownFileType = sourcecode.swift; path = Shop.swift; sourceTree = "<group>"; };
		A74A619A231F874A006B8E7A /* Payment.swift */ = {isa = PBXFileReference; lastKnownFileType = sourcecode.swift; path = Payment.swift; sourceTree = "<group>"; };
		A7C11B17231DFFE20012D01B /* TrustDefender.framework */ = {isa = PBXFileReference; lastKnownFileType = wrapper.framework; path = TrustDefender.framework; sourceTree = "<group>"; };
		A7C11B1B231E01D50012D01B /* YandexPayment.swift */ = {isa = PBXFileReference; lastKnownFileType = sourcecode.swift; path = YandexPayment.swift; sourceTree = "<group>"; };
		A7C11B25231E16740012D01B /* MyFramework-Bridging-Header.h */ = {isa = PBXFileReference; lastKnownFileType = sourcecode.c.h; path = "MyFramework-Bridging-Header.h"; sourceTree = "<group>"; };
/* End PBXFileReference section */

/* Begin PBXFrameworksBuildPhase section */
		A732E4FD231D0EDA00D6E774 /* Frameworks */ = {
			isa = PBXFrameworksBuildPhase;
			buildActionMask = 2147483647;
			files = (
				A7C11B18231DFFE20012D01B /* TrustDefender.framework in Frameworks */,
				9025AC9D32A4A28727F7EA90 /* libPods-MyFramework.a in Frameworks */,
			);
			runOnlyForDeploymentPostprocessing = 0;
		};
/* End PBXFrameworksBuildPhase section */

/* Begin PBXGroup section */
		0C42555DCD0CDF8F85D310D4 /* Frameworks */ = {
			isa = PBXGroup;
			children = (
				A7C11B17231DFFE20012D01B /* TrustDefender.framework */,
				3C3BDDCF1609677CAF4B19F2 /* libPods-MyFramework.a */,
			);
			name = Frameworks;
			sourceTree = "<group>";
		};
		A732E4F6231D0EDA00D6E774 = {
			isa = PBXGroup;
			children = (
				A732E502231D0EDA00D6E774 /* MyFramework */,
				A732E501231D0EDA00D6E774 /* Products */,
				F2D5E66C1A0419BD6B7F7A4D /* Pods */,
				0C42555DCD0CDF8F85D310D4 /* Frameworks */,
			);
			sourceTree = "<group>";
		};
		A732E501231D0EDA00D6E774 /* Products */ = {
			isa = PBXGroup;
			children = (
				A732E500231D0EDA00D6E774 /* MyFramework.framework */,
			);
			name = Products;
			sourceTree = "<group>";
		};
		A732E502231D0EDA00D6E774 /* MyFramework */ = {
			isa = PBXGroup;
			children = (
				A732E504231D0EDA00D6E774 /* Info.plist */,
				A7C11B1B231E01D50012D01B /* YandexPayment.swift */,
				A7C11B25231E16740012D01B /* MyFramework-Bridging-Header.h */,
				A74A6196231F830E006B8E7A /* YandexPayment.m */,
				A74A6198231F862F006B8E7A /* Shop.swift */,
				A74A619A231F874A006B8E7A /* Payment.swift */,
			);
			path = MyFramework;
			sourceTree = "<group>";
		};
		F2D5E66C1A0419BD6B7F7A4D /* Pods */ = {
			isa = PBXGroup;
			children = (
				86FB738E5CA6438CE339A7B7 /* Pods-MyFramework.debug.xcconfig */,
				024AF0693DA1CD569991D85E /* Pods-MyFramework.release.xcconfig */,
			);
			path = Pods;
			sourceTree = "<group>";
		};
/* End PBXGroup section */

/* Begin PBXHeadersBuildPhase section */
		A732E4FB231D0EDA00D6E774 /* Headers */ = {
			isa = PBXHeadersBuildPhase;
			buildActionMask = 2147483647;
			files = (
				A7C11B26231E16740012D01B /* MyFramework-Bridging-Header.h in Headers */,
			);
			runOnlyForDeploymentPostprocessing = 0;
		};
/* End PBXHeadersBuildPhase section */

/* Begin PBXNativeTarget section */
		A732E4FF231D0EDA00D6E774 /* MyFramework */ = {
			isa = PBXNativeTarget;
			buildConfigurationList = A732E508231D0EDA00D6E774 /* Build configuration list for PBXNativeTarget "MyFramework" */;
			buildPhases = (
				5B9C9E22F7958CEEFC7204C4 /* [CP] Check Pods Manifest.lock */,
				A732E4FB231D0EDA00D6E774 /* Headers */,
				A732E4FC231D0EDA00D6E774 /* Sources */,
				A732E4FD231D0EDA00D6E774 /* Frameworks */,
				A732E4FE231D0EDA00D6E774 /* Resources */,
			);
			buildRules = (
			);
			dependencies = (
			);
			name = MyFramework;
			productName = MyFramework;
			productReference = A732E500231D0EDA00D6E774 /* MyFramework.framework */;
			productType = "com.apple.product-type.framework";
		};
/* End PBXNativeTarget section */

/* Begin PBXProject section */
		A732E4F7231D0EDA00D6E774 /* Project object */ = {
			isa = PBXProject;
			attributes = {
				LastUpgradeCheck = 1020;
				ORGANIZATIONNAME = whalemare;
				TargetAttributes = {
					A732E4FF231D0EDA00D6E774 = {
						CreatedOnToolsVersion = 10.2;
						LastSwiftMigration = 1020;
					};
				};
			};
			buildConfigurationList = A732E4FA231D0EDA00D6E774 /* Build configuration list for PBXProject "MyFramework" */;
			compatibilityVersion = "Xcode 9.3";
			developmentRegion = en;
			hasScannedForEncodings = 0;
			knownRegions = (
				en,
			);
			mainGroup = A732E4F6231D0EDA00D6E774;
			productRefGroup = A732E501231D0EDA00D6E774 /* Products */;
			projectDirPath = "";
			projectRoot = "";
			targets = (
				A732E4FF231D0EDA00D6E774 /* MyFramework */,
			);
		};
/* End PBXProject section */

/* Begin PBXResourcesBuildPhase section */
		A732E4FE231D0EDA00D6E774 /* Resources */ = {
			isa = PBXResourcesBuildPhase;
			buildActionMask = 2147483647;
			files = (
			);
			runOnlyForDeploymentPostprocessing = 0;
		};
/* End PBXResourcesBuildPhase section */

/* Begin PBXShellScriptBuildPhase section */
		5B9C9E22F7958CEEFC7204C4 /* [CP] Check Pods Manifest.lock */ = {
			isa = PBXShellScriptBuildPhase;
			buildActionMask = 2147483647;
			files = (
			);
			inputFileListPaths = (
			);
			inputPaths = (
				"${PODS_PODFILE_DIR_PATH}/Podfile.lock",
				"${PODS_ROOT}/Manifest.lock",
			);
			name = "[CP] Check Pods Manifest.lock";
			outputFileListPaths = (
			);
			outputPaths = (
				"$(DERIVED_FILE_DIR)/Pods-MyFramework-checkManifestLockResult.txt",
			);
			runOnlyForDeploymentPostprocessing = 0;
			shellPath = /bin/sh;
			shellScript = "diff \"${PODS_PODFILE_DIR_PATH}/Podfile.lock\" \"${PODS_ROOT}/Manifest.lock\" > /dev/null\nif [ $? != 0 ] ; then\n    # print error to STDERR\n    echo \"error: The sandbox is not in sync with the Podfile.lock. Run 'pod install' or update your CocoaPods installation.\" >&2\n    exit 1\nfi\n# This output is used by Xcode 'outputs' to avoid re-running this script phase.\necho \"SUCCESS\" > \"${SCRIPT_OUTPUT_FILE_0}\"\n";
			showEnvVarsInLog = 0;
		};
/* End PBXShellScriptBuildPhase section */

/* Begin PBXSourcesBuildPhase section */
		A732E4FC231D0EDA00D6E774 /* Sources */ = {
			isa = PBXSourcesBuildPhase;
			buildActionMask = 2147483647;
			files = (
				A74A6199231F862F006B8E7A /* Shop.swift in Sources */,
				A7C11B1C231E01D50012D01B /* YandexPayment.swift in Sources */,
				A74A619B231F874A006B8E7A /* Payment.swift in Sources */,
				A74A6197231F830E006B8E7A /* YandexPayment.m in Sources */,
			);
			runOnlyForDeploymentPostprocessing = 0;
		};
/* End PBXSourcesBuildPhase section */

/* Begin XCBuildConfiguration section */
		A732E506231D0EDA00D6E774 /* Debug */ = {
			isa = XCBuildConfiguration;
			buildSettings = {
				ALWAYS_SEARCH_USER_PATHS = NO;
				CLANG_ALLOW_NON_MODULAR_INCLUDES_IN_FRAMEWORK_MODULES = YES;
				CLANG_ANALYZER_NONNULL = YES;
				CLANG_ANALYZER_NUMBER_OBJECT_CONVERSION = YES_AGGRESSIVE;
				CLANG_CXX_LANGUAGE_STANDARD = "gnu++14";
				CLANG_CXX_LIBRARY = "libc++";
				CLANG_ENABLE_MODULES = YES;
				CLANG_ENABLE_OBJC_ARC = YES;
				CLANG_ENABLE_OBJC_WEAK = YES;
				CLANG_WARN_BLOCK_CAPTURE_AUTORELEASING = YES;
				CLANG_WARN_BOOL_CONVERSION = YES;
				CLANG_WARN_COMMA = YES;
				CLANG_WARN_CONSTANT_CONVERSION = YES;
				CLANG_WARN_DEPRECATED_OBJC_IMPLEMENTATIONS = YES;
				CLANG_WARN_DIRECT_OBJC_ISA_USAGE = YES_ERROR;
				CLANG_WARN_DOCUMENTATION_COMMENTS = YES;
				CLANG_WARN_EMPTY_BODY = YES;
				CLANG_WARN_ENUM_CONVERSION = YES;
				CLANG_WARN_INFINITE_RECURSION = YES;
				CLANG_WARN_INT_CONVERSION = YES;
				CLANG_WARN_NON_LITERAL_NULL_CONVERSION = YES;
				CLANG_WARN_OBJC_IMPLICIT_RETAIN_SELF = YES;
				CLANG_WARN_OBJC_LITERAL_CONVERSION = YES;
				CLANG_WARN_OBJC_ROOT_CLASS = YES_ERROR;
				CLANG_WARN_RANGE_LOOP_ANALYSIS = YES;
				CLANG_WARN_STRICT_PROTOTYPES = YES;
				CLANG_WARN_SUSPICIOUS_MOVE = YES;
				CLANG_WARN_UNGUARDED_AVAILABILITY = YES_AGGRESSIVE;
				CLANG_WARN_UNREACHABLE_CODE = YES;
				CLANG_WARN__DUPLICATE_METHOD_MATCH = YES;
				CODE_SIGN_IDENTITY = "iPhone Developer";
				COPY_PHASE_STRIP = NO;
				CURRENT_PROJECT_VERSION = 1;
				DEBUG_INFORMATION_FORMAT = dwarf;
				ENABLE_STRICT_OBJC_MSGSEND = YES;
				ENABLE_TESTABILITY = YES;
				GCC_C_LANGUAGE_STANDARD = gnu11;
				GCC_DYNAMIC_NO_PIC = NO;
				GCC_NO_COMMON_BLOCKS = YES;
				GCC_OPTIMIZATION_LEVEL = 0;
				GCC_PREPROCESSOR_DEFINITIONS = (
					"DEBUG=1",
					"$(inherited)",
				);
				GCC_WARN_64_TO_32_BIT_CONVERSION = YES;
				GCC_WARN_ABOUT_RETURN_TYPE = YES_ERROR;
				GCC_WARN_UNDECLARED_SELECTOR = YES;
				GCC_WARN_UNINITIALIZED_AUTOS = YES_AGGRESSIVE;
				GCC_WARN_UNUSED_FUNCTION = YES;
				GCC_WARN_UNUSED_VARIABLE = YES;
				IPHONEOS_DEPLOYMENT_TARGET = 12.2;
				MTL_ENABLE_DEBUG_INFO = INCLUDE_SOURCE;
				MTL_FAST_MATH = YES;
				ONLY_ACTIVE_ARCH = YES;
				SDKROOT = iphoneos;
				SWIFT_ACTIVE_COMPILATION_CONDITIONS = DEBUG;
				SWIFT_OPTIMIZATION_LEVEL = "-Onone";
				SWIFT_VERSION = 5.0;
				VERSIONING_SYSTEM = "apple-generic";
				VERSION_INFO_PREFIX = "";
			};
			name = Debug;
		};
		A732E507231D0EDA00D6E774 /* Release */ = {
			isa = XCBuildConfiguration;
			buildSettings = {
				ALWAYS_SEARCH_USER_PATHS = NO;
				CLANG_ALLOW_NON_MODULAR_INCLUDES_IN_FRAMEWORK_MODULES = YES;
				CLANG_ANALYZER_NONNULL = YES;
				CLANG_ANALYZER_NUMBER_OBJECT_CONVERSION = YES_AGGRESSIVE;
				CLANG_CXX_LANGUAGE_STANDARD = "gnu++14";
				CLANG_CXX_LIBRARY = "libc++";
				CLANG_ENABLE_MODULES = YES;
				CLANG_ENABLE_OBJC_ARC = YES;
				CLANG_ENABLE_OBJC_WEAK = YES;
				CLANG_WARN_BLOCK_CAPTURE_AUTORELEASING = YES;
				CLANG_WARN_BOOL_CONVERSION = YES;
				CLANG_WARN_COMMA = YES;
				CLANG_WARN_CONSTANT_CONVERSION = YES;
				CLANG_WARN_DEPRECATED_OBJC_IMPLEMENTATIONS = YES;
				CLANG_WARN_DIRECT_OBJC_ISA_USAGE = YES_ERROR;
				CLANG_WARN_DOCUMENTATION_COMMENTS = YES;
				CLANG_WARN_EMPTY_BODY = YES;
				CLANG_WARN_ENUM_CONVERSION = YES;
				CLANG_WARN_INFINITE_RECURSION = YES;
				CLANG_WARN_INT_CONVERSION = YES;
				CLANG_WARN_NON_LITERAL_NULL_CONVERSION = YES;
				CLANG_WARN_OBJC_IMPLICIT_RETAIN_SELF = YES;
				CLANG_WARN_OBJC_LITERAL_CONVERSION = YES;
				CLANG_WARN_OBJC_ROOT_CLASS = YES_ERROR;
				CLANG_WARN_RANGE_LOOP_ANALYSIS = YES;
				CLANG_WARN_STRICT_PROTOTYPES = YES;
				CLANG_WARN_SUSPICIOUS_MOVE = YES;
				CLANG_WARN_UNGUARDED_AVAILABILITY = YES_AGGRESSIVE;
				CLANG_WARN_UNREACHABLE_CODE = YES;
				CLANG_WARN__DUPLICATE_METHOD_MATCH = YES;
				CODE_SIGN_IDENTITY = "iPhone Developer";
				COPY_PHASE_STRIP = NO;
				CURRENT_PROJECT_VERSION = 1;
				DEBUG_INFORMATION_FORMAT = "dwarf-with-dsym";
				ENABLE_NS_ASSERTIONS = NO;
				ENABLE_STRICT_OBJC_MSGSEND = YES;
				GCC_C_LANGUAGE_STANDARD = gnu11;
				GCC_NO_COMMON_BLOCKS = YES;
				GCC_WARN_64_TO_32_BIT_CONVERSION = YES;
				GCC_WARN_ABOUT_RETURN_TYPE = YES_ERROR;
				GCC_WARN_UNDECLARED_SELECTOR = YES;
				GCC_WARN_UNINITIALIZED_AUTOS = YES_AGGRESSIVE;
				GCC_WARN_UNUSED_FUNCTION = YES;
				GCC_WARN_UNUSED_VARIABLE = YES;
				IPHONEOS_DEPLOYMENT_TARGET = 12.2;
				MTL_ENABLE_DEBUG_INFO = NO;
				MTL_FAST_MATH = YES;
				SDKROOT = iphoneos;
				SWIFT_COMPILATION_MODE = wholemodule;
				SWIFT_OPTIMIZATION_LEVEL = "-O";
				SWIFT_VERSION = 5.0;
				VALIDATE_PRODUCT = YES;
				VERSIONING_SYSTEM = "apple-generic";
				VERSION_INFO_PREFIX = "";
			};
			name = Release;
		};
		A732E509231D0EDA00D6E774 /* Debug */ = {
			isa = XCBuildConfiguration;
			baseConfigurationReference = 86FB738E5CA6438CE339A7B7 /* Pods-MyFramework.debug.xcconfig */;
			buildSettings = {
				CLANG_ALLOW_NON_MODULAR_INCLUDES_IN_FRAMEWORK_MODULES = YES;
				CLANG_ENABLE_MODULES = YES;
				CODE_SIGN_IDENTITY = "";
				CODE_SIGN_STYLE = Automatic;
				DEFINES_MODULE = YES;
				DYLIB_COMPATIBILITY_VERSION = 1;
				DYLIB_CURRENT_VERSION = 1;
				DYLIB_INSTALL_NAME_BASE = "@rpath";
				FRAMEWORK_SEARCH_PATHS = (
					"$(inherited)",
					"$(PROJECT_DIR)/**",
					"$(PROJECT_DIR)",
				);
				INFOPLIST_FILE = MyFramework/Info.plist;
				INSTALL_PATH = "$(LOCAL_LIBRARY_DIR)/Frameworks";
				IPHONEOS_DEPLOYMENT_TARGET = 9.0;
				LD_RUNPATH_SEARCH_PATHS = (
					"$(inherited)",
					"@executable_path/Frameworks",
					"@loader_path/Frameworks",
				);
				PRODUCT_BUNDLE_IDENTIFIER = group.lamantin.yandexpayment;
				PRODUCT_NAME = "$(TARGET_NAME:c99extidentifier)";
				SKIP_INSTALL = YES;
				SWIFT_OBJC_BRIDGING_HEADER = "MyFramework/MyFramework-Bridging-Header.h";
				SWIFT_OPTIMIZATION_LEVEL = "-Onone";
				SWIFT_VERSION = 5.0;
				TARGETED_DEVICE_FAMILY = "1,2";
			};
			name = Debug;
		};
		A732E50A231D0EDA00D6E774 /* Release */ = {
			isa = XCBuildConfiguration;
			baseConfigurationReference = 024AF0693DA1CD569991D85E /* Pods-MyFramework.release.xcconfig */;
			buildSettings = {
				CLANG_ALLOW_NON_MODULAR_INCLUDES_IN_FRAMEWORK_MODULES = YES;
				CLANG_ENABLE_MODULES = YES;
				CODE_SIGN_IDENTITY = "";
				CODE_SIGN_STYLE = Automatic;
				DEFINES_MODULE = YES;
				DYLIB_COMPATIBILITY_VERSION = 1;
				DYLIB_CURRENT_VERSION = 1;
				DYLIB_INSTALL_NAME_BASE = "@rpath";
				FRAMEWORK_SEARCH_PATHS = (
					"$(inherited)",
					"$(PROJECT_DIR)/**",
					"$(PROJECT_DIR)",
				);
				INFOPLIST_FILE = MyFramework/Info.plist;
				INSTALL_PATH = "$(LOCAL_LIBRARY_DIR)/Frameworks";
				IPHONEOS_DEPLOYMENT_TARGET = 9.0;
				LD_RUNPATH_SEARCH_PATHS = (
					"$(inherited)",
					"@executable_path/Frameworks",
					"@loader_path/Frameworks",
				);
				PRODUCT_BUNDLE_IDENTIFIER = group.lamantin.yandexpayment;
				PRODUCT_NAME = "$(TARGET_NAME:c99extidentifier)";
				SKIP_INSTALL = YES;
				SWIFT_OBJC_BRIDGING_HEADER = "MyFramework/MyFramework-Bridging-Header.h";
				SWIFT_VERSION = 5.0;
				TARGETED_DEVICE_FAMILY = "1,2";
			};
			name = Release;
		};
/* End XCBuildConfiguration section */

/* Begin XCConfigurationList section */
		A732E4FA231D0EDA00D6E774 /* Build configuration list for PBXProject "MyFramework" */ = {
			isa = XCConfigurationList;
			buildConfigurations = (
				A732E506231D0EDA00D6E774 /* Debug */,
				A732E507231D0EDA00D6E774 /* Release */,
			);
			defaultConfigurationIsVisible = 0;
			defaultConfigurationName = Release;
		};
		A732E508231D0EDA00D6E774 /* Build configuration list for PBXNativeTarget "MyFramework" */ = {
			isa = XCConfigurationList;
			buildConfigurations = (
				A732E509231D0EDA00D6E774 /* Debug */,
				A732E50A231D0EDA00D6E774 /* Release */,
			);
			defaultConfigurationIsVisible = 0;
			defaultConfigurationName = Release;
		};
/* End XCConfigurationList section */
	};
	rootObject = A732E4F7231D0EDA00D6E774 /* Project object */;
}
